// !$*UTF8*$!
{
	archiveVersion = 1;
	classes = {
	};
	objectVersion = 56;
	objects = {

/* Begin PBXBuildFile section */
		1B33558E2A2E873C0005F85F /* AppDelegate.swift in Sources */ = {isa = PBXBuildFile; fileRef = 1B33558D2A2E873C0005F85F /* AppDelegate.swift */; };
		1B3355972A2E873D0005F85F /* Assets.xcassets in Resources */ = {isa = PBXBuildFile; fileRef = 1B3355962A2E873D0005F85F /* Assets.xcassets */; };
		1B33559A2A2E873D0005F85F /* LaunchScreen.storyboard in Resources */ = {isa = PBXBuildFile; fileRef = 1B3355982A2E873D0005F85F /* LaunchScreen.storyboard */; };
		1B3355A22A2E87B20005F85F /* AppDelegate+appearance.swift in Sources */ = {isa = PBXBuildFile; fileRef = 1B3355A12A2E87B20005F85F /* AppDelegate+appearance.swift */; };
		1B3355B02A2E8A930005F85F /* Coordinator.swift in Sources */ = {isa = PBXBuildFile; fileRef = 1B3355AF2A2E8A930005F85F /* Coordinator.swift */; };
		1B3355B22A2E8AA10005F85F /* MainCoordinator.swift in Sources */ = {isa = PBXBuildFile; fileRef = 1B3355B12A2E8AA10005F85F /* MainCoordinator.swift */; };
		1B3355B52A2E8AD90005F85F /* ViewState.swift in Sources */ = {isa = PBXBuildFile; fileRef = 1B3355B42A2E8AD90005F85F /* ViewState.swift */; };
		1B5D1D322A327D41008B2216 /* APIRequest.swift in Sources */ = {isa = PBXBuildFile; fileRef = 1B5D1D312A327D41008B2216 /* APIRequest.swift */; };
		1B5D1D342A327D69008B2216 /* Network.swift in Sources */ = {isa = PBXBuildFile; fileRef = 1B5D1D332A327D69008B2216 /* Network.swift */; };
		1BC07FA02A32AB4700FAA72B /* CurrencyEndPoint.swift in Sources */ = {isa = PBXBuildFile; fileRef = 1BC07F9F2A32AB4700FAA72B /* CurrencyEndPoint.swift */; };
		1BC07FA32A32AC2000FAA72B /* RxSwift in Frameworks */ = {isa = PBXBuildFile; productRef = 1BC07FA22A32AC2000FAA72B /* RxSwift */; };
		1BC07FA52A32AC3500FAA72B /* RxCocoa in Frameworks */ = {isa = PBXBuildFile; productRef = 1BC07FA42A32AC3500FAA72B /* RxCocoa */; };
		1BC07FA72A32AD1700FAA72B /* CurrencyAPIService.swift in Sources */ = {isa = PBXBuildFile; fileRef = 1BC07FA62A32AD1700FAA72B /* CurrencyAPIService.swift */; };
		1BC07FA92A32AF5A00FAA72B /* CurrencyRates.swift in Sources */ = {isa = PBXBuildFile; fileRef = 1BC07FA82A32AF5A00FAA72B /* CurrencyRates.swift */; };
		1BC07FAB2A32B94600FAA72B /* Constants.swift in Sources */ = {isa = PBXBuildFile; fileRef = 1BC07FAA2A32B94600FAA72B /* Constants.swift */; };
		1BC07FAD2A32C59600FAA72B /* CurrencyRepository.swift in Sources */ = {isa = PBXBuildFile; fileRef = 1BC07FAC2A32C59600FAA72B /* CurrencyRepository.swift */; };
		1BC07FAF2A32C62D00FAA72B /* CurrencyRepositoryInterface.swift in Sources */ = {isa = PBXBuildFile; fileRef = 1BC07FAE2A32C62D00FAA72B /* CurrencyRepositoryInterface.swift */; };
		1BC07FB12A32C76B00FAA72B /* ConvertCurrencyUseCase.swift in Sources */ = {isa = PBXBuildFile; fileRef = 1BC07FB02A32C76B00FAA72B /* ConvertCurrencyUseCase.swift */; };
		1BC07FB32A32C8BC00FAA72B /* SupportedSymbols.swift in Sources */ = {isa = PBXBuildFile; fileRef = 1BC07FB22A32C8BC00FAA72B /* SupportedSymbols.swift */; };
		1BC07FB52A32CF1600FAA72B /* GetSupportedSympolsUseCase.swift in Sources */ = {isa = PBXBuildFile; fileRef = 1BC07FB42A32CF1600FAA72B /* GetSupportedSympolsUseCase.swift */; };
/* End PBXBuildFile section */

/* Begin PBXFileReference section */
		1B33558A2A2E873C0005F85F /* Currency.app */ = {isa = PBXFileReference; explicitFileType = wrapper.application; includeInIndex = 0; path = Currency.app; sourceTree = BUILT_PRODUCTS_DIR; };
		1B33558D2A2E873C0005F85F /* AppDelegate.swift */ = {isa = PBXFileReference; lastKnownFileType = sourcecode.swift; path = AppDelegate.swift; sourceTree = "<group>"; };
		1B3355962A2E873D0005F85F /* Assets.xcassets */ = {isa = PBXFileReference; lastKnownFileType = folder.assetcatalog; path = Assets.xcassets; sourceTree = "<group>"; };
		1B3355992A2E873D0005F85F /* Base */ = {isa = PBXFileReference; lastKnownFileType = file.storyboard; name = Base; path = Base.lproj/LaunchScreen.storyboard; sourceTree = "<group>"; };
		1B33559B2A2E873D0005F85F /* Info.plist */ = {isa = PBXFileReference; lastKnownFileType = text.plist.xml; path = Info.plist; sourceTree = "<group>"; };
		1B3355A12A2E87B20005F85F /* AppDelegate+appearance.swift */ = {isa = PBXFileReference; lastKnownFileType = sourcecode.swift; path = "AppDelegate+appearance.swift"; sourceTree = "<group>"; };
		1B3355AF2A2E8A930005F85F /* Coordinator.swift */ = {isa = PBXFileReference; lastKnownFileType = sourcecode.swift; path = Coordinator.swift; sourceTree = "<group>"; };
		1B3355B12A2E8AA10005F85F /* MainCoordinator.swift */ = {isa = PBXFileReference; lastKnownFileType = sourcecode.swift; path = MainCoordinator.swift; sourceTree = "<group>"; };
		1B3355B42A2E8AD90005F85F /* ViewState.swift */ = {isa = PBXFileReference; lastKnownFileType = sourcecode.swift; path = ViewState.swift; sourceTree = "<group>"; };
		1B5D1D312A327D41008B2216 /* APIRequest.swift */ = {isa = PBXFileReference; lastKnownFileType = sourcecode.swift; path = APIRequest.swift; sourceTree = "<group>"; };
		1B5D1D332A327D69008B2216 /* Network.swift */ = {isa = PBXFileReference; lastKnownFileType = sourcecode.swift; path = Network.swift; sourceTree = "<group>"; };
		1BC07F9F2A32AB4700FAA72B /* CurrencyEndPoint.swift */ = {isa = PBXFileReference; lastKnownFileType = sourcecode.swift; path = CurrencyEndPoint.swift; sourceTree = "<group>"; };
		1BC07FA62A32AD1700FAA72B /* CurrencyAPIService.swift */ = {isa = PBXFileReference; lastKnownFileType = sourcecode.swift; path = CurrencyAPIService.swift; sourceTree = "<group>"; };
		1BC07FA82A32AF5A00FAA72B /* CurrencyRates.swift */ = {isa = PBXFileReference; lastKnownFileType = sourcecode.swift; path = CurrencyRates.swift; sourceTree = "<group>"; };
		1BC07FAA2A32B94600FAA72B /* Constants.swift */ = {isa = PBXFileReference; lastKnownFileType = sourcecode.swift; path = Constants.swift; sourceTree = "<group>"; };
		1BC07FAC2A32C59600FAA72B /* CurrencyRepository.swift */ = {isa = PBXFileReference; lastKnownFileType = sourcecode.swift; path = CurrencyRepository.swift; sourceTree = "<group>"; };
		1BC07FAE2A32C62D00FAA72B /* CurrencyRepositoryInterface.swift */ = {isa = PBXFileReference; lastKnownFileType = sourcecode.swift; path = CurrencyRepositoryInterface.swift; sourceTree = "<group>"; };
		1BC07FB02A32C76B00FAA72B /* ConvertCurrencyUseCase.swift */ = {isa = PBXFileReference; lastKnownFileType = sourcecode.swift; path = ConvertCurrencyUseCase.swift; sourceTree = "<group>"; };
		1BC07FB22A32C8BC00FAA72B /* SupportedSymbols.swift */ = {isa = PBXFileReference; lastKnownFileType = sourcecode.swift; path = SupportedSymbols.swift; sourceTree = "<group>"; };
		1BC07FB42A32CF1600FAA72B /* GetSupportedSympolsUseCase.swift */ = {isa = PBXFileReference; lastKnownFileType = sourcecode.swift; path = GetSupportedSympolsUseCase.swift; sourceTree = "<group>"; };
/* End PBXFileReference section */

/* Begin PBXFrameworksBuildPhase section */
		1B3355872A2E873C0005F85F /* Frameworks */ = {
			isa = PBXFrameworksBuildPhase;
			buildActionMask = 2147483647;
			files = (
				1BC07FA52A32AC3500FAA72B /* RxCocoa in Frameworks */,
				1BC07FA32A32AC2000FAA72B /* RxSwift in Frameworks */,
			);
			runOnlyForDeploymentPostprocessing = 0;
		};
/* End PBXFrameworksBuildPhase section */

/* Begin PBXGroup section */
		1B3355812A2E873C0005F85F = {
			isa = PBXGroup;
			children = (
				1B33558C2A2E873C0005F85F /* Currency */,
				1B33558B2A2E873C0005F85F /* Products */,
				1BC07FA12A32AC2000FAA72B /* Frameworks */,
			);
			sourceTree = "<group>";
		};
		1B33558B2A2E873C0005F85F /* Products */ = {
			isa = PBXGroup;
			children = (
				1B33558A2A2E873C0005F85F /* Currency.app */,
			);
			name = Products;
			sourceTree = "<group>";
		};
		1B33558C2A2E873C0005F85F /* Currency */ = {
			isa = PBXGroup;
			children = (
				1B3355A82A2E898A0005F85F /* Application */,
				1B3355A72A2E89800005F85F /* Data */,
				1B3355A62A2E89770005F85F /* Domain */,
				1B3355A52A2E896E0005F85F /* Presentation */,
				1B3355A92A2E89A20005F85F /* Resources */,
				1B3355A42A2E89640005F85F /* CoreServices */,
				1B3355A32A2E895A0005F85F /* Utiles */,
			);
			path = Currency;
			sourceTree = "<group>";
		};
		1B3355A32A2E895A0005F85F /* Utiles */ = {
			isa = PBXGroup;
			children = (
				1BC07FAA2A32B94600FAA72B /* Constants.swift */,
			);
			path = Utiles;
			sourceTree = "<group>";
		};
		1B3355A42A2E89640005F85F /* CoreServices */ = {
			isa = PBXGroup;
			children = (
				1B3355B32A2E8AAC0005F85F /* Network */,
			);
			path = CoreServices;
			sourceTree = "<group>";
		};
		1B3355A52A2E896E0005F85F /* Presentation */ = {
			isa = PBXGroup;
			children = (
				1B3355AF2A2E8A930005F85F /* Coordinator.swift */,
				1B3355B12A2E8AA10005F85F /* MainCoordinator.swift */,
				1B3355B42A2E8AD90005F85F /* ViewState.swift */,
			);
			path = Presentation;
			sourceTree = "<group>";
		};
		1B3355A62A2E89770005F85F /* Domain */ = {
			isa = PBXGroup;
			children = (
				1B3355AE2A2E8A4C0005F85F /* Entities */,
				1B3355AD2A2E8A420005F85F /* Repository */,
				1B3355AC2A2E8A3A0005F85F /* UseCases */,
				1B3355AB2A2E8A320005F85F /* Error */,
			);
			path = Domain;
			sourceTree = "<group>";
		};
		1B3355A72A2E89800005F85F /* Data */ = {
			isa = PBXGroup;
			children = (
				1BC07F9E2A32AB2500FAA72B /* Currency */,
				1B3355AA2A2E8A220005F85F /* Repository */,
			);
			path = Data;
			sourceTree = "<group>";
		};
		1B3355A82A2E898A0005F85F /* Application */ = {
			isa = PBXGroup;
			children = (
				1B33558D2A2E873C0005F85F /* AppDelegate.swift */,
				1B3355A12A2E87B20005F85F /* AppDelegate+appearance.swift */,
				1B33559B2A2E873D0005F85F /* Info.plist */,
			);
			path = Application;
			sourceTree = "<group>";
		};
		1B3355A92A2E89A20005F85F /* Resources */ = {
			isa = PBXGroup;
			children = (
				1B3355962A2E873D0005F85F /* Assets.xcassets */,
				1B3355982A2E873D0005F85F /* LaunchScreen.storyboard */,
			);
			path = Resources;
			sourceTree = "<group>";
		};
		1B3355AA2A2E8A220005F85F /* Repository */ = {
			isa = PBXGroup;
			children = (
				1BC07FAC2A32C59600FAA72B /* CurrencyRepository.swift */,
			);
			path = Repository;
			sourceTree = "<group>";
		};
		1B3355AB2A2E8A320005F85F /* Error */ = {
			isa = PBXGroup;
			children = (
			);
			path = Error;
			sourceTree = "<group>";
		};
		1B3355AC2A2E8A3A0005F85F /* UseCases */ = {
			isa = PBXGroup;
			children = (
				1BC07FB02A32C76B00FAA72B /* ConvertCurrencyUseCase.swift */,
				1BC07FB42A32CF1600FAA72B /* GetSupportedSympolsUseCase.swift */,
			);
			path = UseCases;
			sourceTree = "<group>";
		};
		1B3355AD2A2E8A420005F85F /* Repository */ = {
			isa = PBXGroup;
			children = (
				1BC07FAE2A32C62D00FAA72B /* CurrencyRepositoryInterface.swift */,
			);
			path = Repository;
			sourceTree = "<group>";
		};
		1B3355AE2A2E8A4C0005F85F /* Entities */ = {
			isa = PBXGroup;
			children = (
				1BC07FA82A32AF5A00FAA72B /* CurrencyRates.swift */,
				1BC07FB22A32C8BC00FAA72B /* SupportedSymbols.swift */,
			);
			path = Entities;
			sourceTree = "<group>";
		};
		1B3355B32A2E8AAC0005F85F /* Network */ = {
			isa = PBXGroup;
			children = (
				1B5D1D312A327D41008B2216 /* APIRequest.swift */,
				1B5D1D332A327D69008B2216 /* Network.swift */,
			);
			path = Network;
			sourceTree = "<group>";
		};
		1BC07F9E2A32AB2500FAA72B /* Currency */ = {
			isa = PBXGroup;
			children = (
				1BC07F9F2A32AB4700FAA72B /* CurrencyEndPoint.swift */,
				1BC07FA62A32AD1700FAA72B /* CurrencyAPIService.swift */,
			);
			path = Currency;
			sourceTree = "<group>";
		};
		1BC07FA12A32AC2000FAA72B /* Frameworks */ = {
			isa = PBXGroup;
			children = (
			);
			name = Frameworks;
			sourceTree = "<group>";
		};
/* End PBXGroup section */

/* Begin PBXNativeTarget section */
		1B3355892A2E873C0005F85F /* Currency */ = {
			isa = PBXNativeTarget;
			buildConfigurationList = 1B33559E2A2E873D0005F85F /* Build configuration list for PBXNativeTarget "Currency" */;
			buildPhases = (
				1B3355862A2E873C0005F85F /* Sources */,
				1B3355872A2E873C0005F85F /* Frameworks */,
				1B3355882A2E873C0005F85F /* Resources */,
			);
			buildRules = (
			);
			dependencies = (
			);
			name = Currency;
			packageProductDependencies = (
				1BC07FA22A32AC2000FAA72B /* RxSwift */,
				1BC07FA42A32AC3500FAA72B /* RxCocoa */,
			);
			productName = Currency;
			productReference = 1B33558A2A2E873C0005F85F /* Currency.app */;
			productType = "com.apple.product-type.application";
		};
/* End PBXNativeTarget section */

/* Begin PBXProject section */
		1B3355822A2E873C0005F85F /* Project object */ = {
			isa = PBXProject;
			attributes = {
				BuildIndependentTargetsInParallel = 1;
				LastSwiftUpdateCheck = 1410;
				LastUpgradeCheck = 1410;
				TargetAttributes = {
					1B3355892A2E873C0005F85F = {
						CreatedOnToolsVersion = 14.1;
					};
				};
			};
			buildConfigurationList = 1B3355852A2E873C0005F85F /* Build configuration list for PBXProject "Currency" */;
			compatibilityVersion = "Xcode 14.0";
			developmentRegion = en;
			hasScannedForEncodings = 0;
			knownRegions = (
				en,
				Base,
			);
			mainGroup = 1B3355812A2E873C0005F85F;
			packageReferences = (
				1B5D1D302A327CA6008B2216 /* XCRemoteSwiftPackageReference "RxSwift" */,
			);
			productRefGroup = 1B33558B2A2E873C0005F85F /* Products */;
			projectDirPath = "";
			projectRoot = "";
			targets = (
				1B3355892A2E873C0005F85F /* Currency */,
			);
		};
/* End PBXProject section */

/* Begin PBXResourcesBuildPhase section */
		1B3355882A2E873C0005F85F /* Resources */ = {
			isa = PBXResourcesBuildPhase;
			buildActionMask = 2147483647;
			files = (
				1B33559A2A2E873D0005F85F /* LaunchScreen.storyboard in Resources */,
				1B3355972A2E873D0005F85F /* Assets.xcassets in Resources */,
			);
			runOnlyForDeploymentPostprocessing = 0;
		};
/* End PBXResourcesBuildPhase section */

/* Begin PBXSourcesBuildPhase section */
		1B3355862A2E873C0005F85F /* Sources */ = {
			isa = PBXSourcesBuildPhase;
			buildActionMask = 2147483647;
			files = (
				1B33558E2A2E873C0005F85F /* AppDelegate.swift in Sources */,
				1BC07FAB2A32B94600FAA72B /* Constants.swift in Sources */,
				1BC07FB52A32CF1600FAA72B /* GetSupportedSympolsUseCase.swift in Sources */,
				1BC07FB32A32C8BC00FAA72B /* SupportedSymbols.swift in Sources */,
				1B5D1D342A327D69008B2216 /* Network.swift in Sources */,
				1B3355B22A2E8AA10005F85F /* MainCoordinator.swift in Sources */,
				1BC07FB12A32C76B00FAA72B /* ConvertCurrencyUseCase.swift in Sources */,
				1B3355B52A2E8AD90005F85F /* ViewState.swift in Sources */,
				1BC07FA72A32AD1700FAA72B /* CurrencyAPIService.swift in Sources */,
				1BC07FAD2A32C59600FAA72B /* CurrencyRepository.swift in Sources */,
				1B3355A22A2E87B20005F85F /* AppDelegate+appearance.swift in Sources */,
				1BC07FAF2A32C62D00FAA72B /* CurrencyRepositoryInterface.swift in Sources */,
				1BC07FA02A32AB4700FAA72B /* CurrencyEndPoint.swift in Sources */,
				1B5D1D322A327D41008B2216 /* APIRequest.swift in Sources */,
				1BC07FA92A32AF5A00FAA72B /* CurrencyRates.swift in Sources */,
				1B3355B02A2E8A930005F85F /* Coordinator.swift in Sources */,
			);
			runOnlyForDeploymentPostprocessing = 0;
		};
/* End PBXSourcesBuildPhase section */

/* Begin PBXVariantGroup section */
		1B3355982A2E873D0005F85F /* LaunchScreen.storyboard */ = {
			isa = PBXVariantGroup;
			children = (
				1B3355992A2E873D0005F85F /* Base */,
			);
			name = LaunchScreen.storyboard;
			sourceTree = "<group>";
		};
/* End PBXVariantGroup section */

/* Begin XCBuildConfiguration section */
		1B33559C2A2E873D0005F85F /* Debug */ = {
			isa = XCBuildConfiguration;
			buildSettings = {
				ALWAYS_SEARCH_USER_PATHS = NO;
				CLANG_ANALYZER_NONNULL = YES;
				CLANG_ANALYZER_NUMBER_OBJECT_CONVERSION = YES_AGGRESSIVE;
				CLANG_CXX_LANGUAGE_STANDARD = "gnu++20";
				CLANG_ENABLE_MODULES = YES;
				CLANG_ENABLE_OBJC_ARC = YES;
				CLANG_ENABLE_OBJC_WEAK = YES;
				CLANG_WARN_BLOCK_CAPTURE_AUTORELEASING = YES;
				CLANG_WARN_BOOL_CONVERSION = YES;
				CLANG_WARN_COMMA = YES;
				CLANG_WARN_CONSTANT_CONVERSION = YES;
				CLANG_WARN_DEPRECATED_OBJC_IMPLEMENTATIONS = YES;
				CLANG_WARN_DIRECT_OBJC_ISA_USAGE = YES_ERROR;
				CLANG_WARN_DOCUMENTATION_COMMENTS = YES;
				CLANG_WARN_EMPTY_BODY = YES;
				CLANG_WARN_ENUM_CONVERSION = YES;
				CLANG_WARN_INFINITE_RECURSION = YES;
				CLANG_WARN_INT_CONVERSION = YES;
				CLANG_WARN_NON_LITERAL_NULL_CONVERSION = YES;
				CLANG_WARN_OBJC_IMPLICIT_RETAIN_SELF = YES;
				CLANG_WARN_OBJC_LITERAL_CONVERSION = YES;
				CLANG_WARN_OBJC_ROOT_CLASS = YES_ERROR;
				CLANG_WARN_QUOTED_INCLUDE_IN_FRAMEWORK_HEADER = YES;
				CLANG_WARN_RANGE_LOOP_ANALYSIS = YES;
				CLANG_WARN_STRICT_PROTOTYPES = YES;
				CLANG_WARN_SUSPICIOUS_MOVE = YES;
				CLANG_WARN_UNGUARDED_AVAILABILITY = YES_AGGRESSIVE;
				CLANG_WARN_UNREACHABLE_CODE = YES;
				CLANG_WARN__DUPLICATE_METHOD_MATCH = YES;
				COPY_PHASE_STRIP = NO;
				DEBUG_INFORMATION_FORMAT = dwarf;
				ENABLE_STRICT_OBJC_MSGSEND = YES;
				ENABLE_TESTABILITY = YES;
				GCC_C_LANGUAGE_STANDARD = gnu11;
				GCC_DYNAMIC_NO_PIC = NO;
				GCC_NO_COMMON_BLOCKS = YES;
				GCC_OPTIMIZATION_LEVEL = 0;
				GCC_PREPROCESSOR_DEFINITIONS = (
					"DEBUG=1",
					"$(inherited)",
				);
				GCC_WARN_64_TO_32_BIT_CONVERSION = YES;
				GCC_WARN_ABOUT_RETURN_TYPE = YES_ERROR;
				GCC_WARN_UNDECLARED_SELECTOR = YES;
				GCC_WARN_UNINITIALIZED_AUTOS = YES_AGGRESSIVE;
				GCC_WARN_UNUSED_FUNCTION = YES;
				GCC_WARN_UNUSED_VARIABLE = YES;
				IPHONEOS_DEPLOYMENT_TARGET = 16.1;
				MTL_ENABLE_DEBUG_INFO = INCLUDE_SOURCE;
				MTL_FAST_MATH = YES;
				ONLY_ACTIVE_ARCH = YES;
				SDKROOT = iphoneos;
				SWIFT_ACTIVE_COMPILATION_CONDITIONS = DEBUG;
				SWIFT_OPTIMIZATION_LEVEL = "-Onone";
			};
			name = Debug;
		};
		1B33559D2A2E873D0005F85F /* Release */ = {
			isa = XCBuildConfiguration;
			buildSettings = {
				ALWAYS_SEARCH_USER_PATHS = NO;
				CLANG_ANALYZER_NONNULL = YES;
				CLANG_ANALYZER_NUMBER_OBJECT_CONVERSION = YES_AGGRESSIVE;
				CLANG_CXX_LANGUAGE_STANDARD = "gnu++20";
				CLANG_ENABLE_MODULES = YES;
				CLANG_ENABLE_OBJC_ARC = YES;
				CLANG_ENABLE_OBJC_WEAK = YES;
				CLANG_WARN_BLOCK_CAPTURE_AUTORELEASING = YES;
				CLANG_WARN_BOOL_CONVERSION = YES;
				CLANG_WARN_COMMA = YES;
				CLANG_WARN_CONSTANT_CONVERSION = YES;
				CLANG_WARN_DEPRECATED_OBJC_IMPLEMENTATIONS = YES;
				CLANG_WARN_DIRECT_OBJC_ISA_USAGE = YES_ERROR;
				CLANG_WARN_DOCUMENTATION_COMMENTS = YES;
				CLANG_WARN_EMPTY_BODY = YES;
				CLANG_WARN_ENUM_CONVERSION = YES;
				CLANG_WARN_INFINITE_RECURSION = YES;
				CLANG_WARN_INT_CONVERSION = YES;
				CLANG_WARN_NON_LITERAL_NULL_CONVERSION = YES;
				CLANG_WARN_OBJC_IMPLICIT_RETAIN_SELF = YES;
				CLANG_WARN_OBJC_LITERAL_CONVERSION = YES;
				CLANG_WARN_OBJC_ROOT_CLASS = YES_ERROR;
				CLANG_WARN_QUOTED_INCLUDE_IN_FRAMEWORK_HEADER = YES;
				CLANG_WARN_RANGE_LOOP_ANALYSIS = YES;
				CLANG_WARN_STRICT_PROTOTYPES = YES;
				CLANG_WARN_SUSPICIOUS_MOVE = YES;
				CLANG_WARN_UNGUARDED_AVAILABILITY = YES_AGGRESSIVE;
				CLANG_WARN_UNREACHABLE_CODE = YES;
				CLANG_WARN__DUPLICATE_METHOD_MATCH = YES;
				COPY_PHASE_STRIP = NO;
				DEBUG_INFORMATION_FORMAT = "dwarf-with-dsym";
				ENABLE_NS_ASSERTIONS = NO;
				ENABLE_STRICT_OBJC_MSGSEND = YES;
				GCC_C_LANGUAGE_STANDARD = gnu11;
				GCC_NO_COMMON_BLOCKS = YES;
				GCC_WARN_64_TO_32_BIT_CONVERSION = YES;
				GCC_WARN_ABOUT_RETURN_TYPE = YES_ERROR;
				GCC_WARN_UNDECLARED_SELECTOR = YES;
				GCC_WARN_UNINITIALIZED_AUTOS = YES_AGGRESSIVE;
				GCC_WARN_UNUSED_FUNCTION = YES;
				GCC_WARN_UNUSED_VARIABLE = YES;
				IPHONEOS_DEPLOYMENT_TARGET = 16.1;
				MTL_ENABLE_DEBUG_INFO = NO;
				MTL_FAST_MATH = YES;
				SDKROOT = iphoneos;
				SWIFT_COMPILATION_MODE = wholemodule;
				SWIFT_OPTIMIZATION_LEVEL = "-O";
				VALIDATE_PRODUCT = YES;
			};
			name = Release;
		};
		1B33559F2A2E873D0005F85F /* Debug */ = {
			isa = XCBuildConfiguration;
			buildSettings = {
				ASSETCATALOG_COMPILER_APPICON_NAME = AppIcon;
				ASSETCATALOG_COMPILER_GLOBAL_ACCENT_COLOR_NAME = AccentColor;
				CODE_SIGN_STYLE = Automatic;
				CURRENT_PROJECT_VERSION = 1;
				DEVELOPMENT_TEAM = RR9432ADJP;
				GENERATE_INFOPLIST_FILE = YES;
				INFOPLIST_FILE = Currency/Application/Info.plist;
				INFOPLIST_KEY_UIApplicationSupportsIndirectInputEvents = YES;
				INFOPLIST_KEY_UILaunchStoryboardName = LaunchScreen;
				INFOPLIST_KEY_UISupportedInterfaceOrientations_iPad = "UIInterfaceOrientationPortrait UIInterfaceOrientationPortraitUpsideDown UIInterfaceOrientationLandscapeLeft UIInterfaceOrientationLandscapeRight";
				INFOPLIST_KEY_UISupportedInterfaceOrientations_iPhone = "UIInterfaceOrientationPortrait UIInterfaceOrientationLandscapeLeft UIInterfaceOrientationLandscapeRight";
				LD_RUNPATH_SEARCH_PATHS = (
					"$(inherited)",
					"@executable_path/Frameworks",
				);
				MARKETING_VERSION = 1.0;
				PRODUCT_BUNDLE_IDENTIFIER = KhaledBohout.Currency;
				PRODUCT_NAME = "$(TARGET_NAME)";
				SWIFT_EMIT_LOC_STRINGS = YES;
				SWIFT_VERSION = 5.0;
				TARGETED_DEVICE_FAMILY = "1,2";
			};
			name = Debug;
		};
		1B3355A02A2E873D0005F85F /* Release */ = {
			isa = XCBuildConfiguration;
			buildSettings = {
				ASSETCATALOG_COMPILER_APPICON_NAME = AppIcon;
				ASSETCATALOG_COMPILER_GLOBAL_ACCENT_COLOR_NAME = AccentColor;
				CODE_SIGN_STYLE = Automatic;
				CURRENT_PROJECT_VERSION = 1;
				DEVELOPMENT_TEAM = RR9432ADJP;
				GENERATE_INFOPLIST_FILE = YES;
				INFOPLIST_FILE = Currency/Application/Info.plist;
				INFOPLIST_KEY_UIApplicationSupportsIndirectInputEvents = YES;
				INFOPLIST_KEY_UILaunchStoryboardName = LaunchScreen;
				INFOPLIST_KEY_UISupportedInterfaceOrientations_iPad = "UIInterfaceOrientationPortrait UIInterfaceOrientationPortraitUpsideDown UIInterfaceOrientationLandscapeLeft UIInterfaceOrientationLandscapeRight";
				INFOPLIST_KEY_UISupportedInterfaceOrientations_iPhone = "UIInterfaceOrientationPortrait UIInterfaceOrientationLandscapeLeft UIInterfaceOrientationLandscapeRight";
				LD_RUNPATH_SEARCH_PATHS = (
					"$(inherited)",
					"@executable_path/Frameworks",
				);
				MARKETING_VERSION = 1.0;
				PRODUCT_BUNDLE_IDENTIFIER = KhaledBohout.Currency;
				PRODUCT_NAME = "$(TARGET_NAME)";
				SWIFT_EMIT_LOC_STRINGS = YES;
				SWIFT_VERSION = 5.0;
				TARGETED_DEVICE_FAMILY = "1,2";
			};
			name = Release;
		};
/* End XCBuildConfiguration section */

/* Begin XCConfigurationList section */
		1B3355852A2E873C0005F85F /* Build configuration list for PBXProject "Currency" */ = {
			isa = XCConfigurationList;
			buildConfigurations = (
				1B33559C2A2E873D0005F85F /* Debug */,
				1B33559D2A2E873D0005F85F /* Release */,
			);
			defaultConfigurationIsVisible = 0;
			defaultConfigurationName = Release;
		};
		1B33559E2A2E873D0005F85F /* Build configuration list for PBXNativeTarget "Currency" */ = {
			isa = XCConfigurationList;
			buildConfigurations = (
				1B33559F2A2E873D0005F85F /* Debug */,
				1B3355A02A2E873D0005F85F /* Release */,
			);
			defaultConfigurationIsVisible = 0;
			defaultConfigurationName = Release;
		};
/* End XCConfigurationList section */

/* Begin XCRemoteSwiftPackageReference section */
		1B5D1D302A327CA6008B2216 /* XCRemoteSwiftPackageReference "RxSwift" */ = {
			isa = XCRemoteSwiftPackageReference;
			repositoryURL = "https://github.com/ReactiveX/RxSwift.git";
			requirement = {
				kind = upToNextMajorVersion;
				minimumVersion = 6.0.0;
			};
		};
/* End XCRemoteSwiftPackageReference section */

/* Begin XCSwiftPackageProductDependency section */
		1BC07FA22A32AC2000FAA72B /* RxSwift */ = {
			isa = XCSwiftPackageProductDependency;
			package = 1B5D1D302A327CA6008B2216 /* XCRemoteSwiftPackageReference "RxSwift" */;
			productName = RxSwift;
		};
		1BC07FA42A32AC3500FAA72B /* RxCocoa */ = {
			isa = XCSwiftPackageProductDependency;
			package = 1B5D1D302A327CA6008B2216 /* XCRemoteSwiftPackageReference "RxSwift" */;
			productName = RxCocoa;
		};
/* End XCSwiftPackageProductDependency section */
	};
	rootObject = 1B3355822A2E873C0005F85F /* Project object */;
}
